speakeasyVersion: 1.517.3
sources:
    RapidAPI Realtor Search python SDK:
        sourceNamespace: rapid-api-realtor-search-python-sdk
        sourceRevisionDigest: sha256:5dda47d439161c08d27657252150df9b875ea2ac9b64d522beb95b38dcd84668
        sourceBlobDigest: sha256:60aaa1b2313f875748c4e275b421de1956d048b64c5b7d6597239e283592d7e9
        tags:
            - latest
            - 1.0.0
targets:
    rapidapi-realtor-search-client:
        source: RapidAPI Realtor Search python SDK
        sourceNamespace: rapid-api-realtor-search-python-sdk
        sourceRevisionDigest: sha256:5dda47d439161c08d27657252150df9b875ea2ac9b64d522beb95b38dcd84668
        sourceBlobDigest: sha256:60aaa1b2313f875748c4e275b421de1956d048b64c5b7d6597239e283592d7e9
        codeSamplesNamespace: rapid-api-realtor-search-python-sdk-code-samples
        codeSamplesRevisionDigest: sha256:d6abc365b3ad0675795fa6aabbc8e795fa84bcec8b819417f08a9ce21a8080cb
workflow:
    workflowVersion: 1.0.0
    speakeasyVersion: latest
    sources:
        RapidAPI Realtor Search python SDK:
            inputs:
                - location: openapi.yml
            overlays:
                - location: .speakeasy/speakeasy-modifications-overlay.yaml
            registry:
                location: registry.speakeasyapi.dev/adityaprakash-work/client-packages/rapid-api-realtor-search-python-sdk
    targets:
        rapidapi-realtor-search-client:
            target: python
            source: RapidAPI Realtor Search python SDK
            codeSamples:
                registry:
                    location: registry.speakeasyapi.dev/adityaprakash-work/client-packages/rapid-api-realtor-search-python-sdk-code-samples
                labelOverride:
                    fixedValue: Python (SDK)
                blocking: false
